
Microsoft Visual Studio Solution File, Format Version 12.00
# Visual Studio Version 17
VisualStudioVersion = 17.14.36119.2
MinimumVisualStudioVersion = 10.0.40219.1
Project("{FAE04EC0-301F-11D3-BF4B-00C04F79EFBC}") = "OC p5 Express Voitures", "OC p5 Express Voitures.csproj", "{2B777D23-9F46-455B-9BE4-2EC49D0DB148}"
EndProject
Global
	GlobalSection(SolutionConfigurationPlatforms) = preSolution
		Debug|Any CPU = Debug|Any CPU
		Release|Any CPU = Release|Any CPU
	EndGlobalSection
	GlobalSection(ProjectConfigurationPlatforms) = postSolution
		{2B777D23-9F46-455B-9BE4-2EC49D0DB148}.Debug|Any CPU.ActiveCfg = Debug|Any CPU
		{2B777D23-9F46-455B-9BE4-2EC49D0DB148}.Debug|Any CPU.Build.0 = Debug|Any CPU
		{2B777D23-9F46-455B-9BE4-2EC49D0DB148}.Release|Any CPU.ActiveCfg = Release|Any CPU
		{2B777D23-9F46-455B-9BE4-2EC49D0DB148}.Release|Any CPU.Build.0 = Release|Any CPU
	EndGlobalSection
	GlobalSection(SolutionProperties) = preSolution
		HideSolutionNode = FALSE
	EndGlobalSection
	GlobalSection(ExtensibilityGlobals) = postSolution
		SolutionGuid = {77222793-EE35-467B-84D1-A8D5544E2145}
	EndGlobalSection
EndGlobal
